
Microsoft Visual Studio Solution File, Format Version 12.00
# Visual Studio Version 17
VisualStudioVersion = 17.4.33122.133
MinimumVisualStudioVersion = 10.0.40219.1
Project("{FAE04EC0-301F-11D3-BF4B-00C04F79EFBC}") = "Week5LogicalOperators", "Week5LogicalOperators\Week5LogicalOperators.csproj", "{639A18DF-EB58-4310-B670-E21FCAE1F0B0}"
EndProject
Project("{FAE04EC0-301F-11D3-BF4B-00C04F79EFBC}") = "ANDOperator", "ANDOperator\ANDOperator.csproj", "{61B5FBC0-6D54-4C98-B446-ECD77482F6BA}"
EndProject
Project("{FAE04EC0-301F-11D3-BF4B-00C04F79EFBC}") = "OROperator", "OROperator\OROperator.csproj", "{86694CB0-9C71-4C0C-849F-E5E5DEAA4311}"
EndProject
Project("{FAE04EC0-301F-11D3-BF4B-00C04F79EFBC}") = "ANDRanges", "ANDRanges\ANDRanges.csproj", "{D3F59D83-D4BC-449F-996F-291A340F9AFE}"
EndProject
Global
	GlobalSection(SolutionConfigurationPlatforms) = preSolution
		Debug|Any CPU = Debug|Any CPU
		Release|Any CPU = Release|Any CPU
	EndGlobalSection
	GlobalSection(ProjectConfigurationPlatforms) = postSolution
		{639A18DF-EB58-4310-B670-E21FCAE1F0B0}.Debug|Any CPU.ActiveCfg = Debug|Any CPU
		{639A18DF-EB58-4310-B670-E21FCAE1F0B0}.Debug|Any CPU.Build.0 = Debug|Any CPU
		{639A18DF-EB58-4310-B670-E21FCAE1F0B0}.Release|Any CPU.ActiveCfg = Release|Any CPU
		{639A18DF-EB58-4310-B670-E21FCAE1F0B0}.Release|Any CPU.Build.0 = Release|Any CPU
		{61B5FBC0-6D54-4C98-B446-ECD77482F6BA}.Debug|Any CPU.ActiveCfg = Debug|Any CPU
		{61B5FBC0-6D54-4C98-B446-ECD77482F6BA}.Debug|Any CPU.Build.0 = Debug|Any CPU
		{61B5FBC0-6D54-4C98-B446-ECD77482F6BA}.Release|Any CPU.ActiveCfg = Release|Any CPU
		{61B5FBC0-6D54-4C98-B446-ECD77482F6BA}.Release|Any CPU.Build.0 = Release|Any CPU
		{86694CB0-9C71-4C0C-849F-E5E5DEAA4311}.Debug|Any CPU.ActiveCfg = Debug|Any CPU
		{86694CB0-9C71-4C0C-849F-E5E5DEAA4311}.Debug|Any CPU.Build.0 = Debug|Any CPU
		{86694CB0-9C71-4C0C-849F-E5E5DEAA4311}.Release|Any CPU.ActiveCfg = Release|Any CPU
		{86694CB0-9C71-4C0C-849F-E5E5DEAA4311}.Release|Any CPU.Build.0 = Release|Any CPU
		{D3F59D83-D4BC-449F-996F-291A340F9AFE}.Debug|Any CPU.ActiveCfg = Debug|Any CPU
		{D3F59D83-D4BC-449F-996F-291A340F9AFE}.Debug|Any CPU.Build.0 = Debug|Any CPU
		{D3F59D83-D4BC-449F-996F-291A340F9AFE}.Release|Any CPU.ActiveCfg = Release|Any CPU
		{D3F59D83-D4BC-449F-996F-291A340F9AFE}.Release|Any CPU.Build.0 = Release|Any CPU
	EndGlobalSection
	GlobalSection(SolutionProperties) = preSolution
		HideSolutionNode = FALSE
	EndGlobalSection
	GlobalSection(ExtensibilityGlobals) = postSolution
		SolutionGuid = {368131DA-FF5A-4E01-90F1-7BC33C9412EE}
	EndGlobalSection
EndGlobal
